{
  "name": "nname",
  "version": "1.0.0",
  "lockfileVersion": 1,
  "requires": true,
  "dependencies": {
    "inshello": {
      "version": "0.0.1",
      "resolved": "https://registry.npmjs.org/inshello/-/inshello-0.0.1.tgz",
      "integrity": "sha512-MsPPMce3LsVkeVQDYfqoRNTIBVBfhjNc5cjPUvUEiMHnwbhQSkwbtbRDWz57Q2rA70Z9yNuDGK7LXx4RyxaWUA=="
    }
  }
}
